akshare==1.18.94
alembic==1.14.0
annotated-types==0.8.0
beautifulsoup4==4.15.0
certifi==2026.7.22
cffi==2.1.1
charset-normalizer==3.5.1
coverage==7.16.0
curl_cffi==0.16.2
decorator==5.3.1
et_xmlfile==2.0.0
greenlet==3.5.5
html5lib==1.1
idna==3.19
iniconfig==2.3.0
jsonpath==0.82.2
lxml==6.1.2
Mako==1.4.1
MarkupSafe==3.0.3
mini-racer==0.14.1
mypy==1.13.0
mypy_extensions==1.1.0
numpy==2.1.3
openpyxl==3.1.5
packaging==26.3
pandas==2.2.3
pluggy==1.6.0
psycopg==3.2.3
psycopg-binary==3.2.3
pyarrow==18.1.0
pycparser==3.0
pydantic==2.10.3
pydantic-settings==2.6.1
pydantic_core==2.27.1
pytest==8.3.4
pytest-cov==6.0.0
python-dateutil==2.9.0.post0
python-dotenv==1.2.3
pytz==2026.3.post1
PyYAML==6.0.2
requests==2.34.2
ruff==0.8.4
six==1.17.0
soupsieve==2.9.2
SQLAlchemy==2.0.36
tabulate==0.10.0
tqdm==4.70.0
typing_extensions==4.16.0
tzdata==2026.3
urllib3==2.7.0
webencodings==0.6.1
xlrd==2.0.2
